
Microsoft Visual Studio Solution File, Format Version 12.00
# Visual Studio 2012
Project("{FAE04EC0-301F-11D3-BF4B-00C04F79EFBC}") = "FilterIcap", "FilterIcap\FilterIcap.csproj", "{85C59AD8-BB34-460F-A575-FECE4E122C96}"
EndProject
Project("{FAE04EC0-301F-11D3-BF4B-00C04F79EFBC}") = "FilterIcapTests", "FilterIcapTests\FilterIcapTests.csproj", "{0C491508-E864-467A-A20F-84C5F59E32B8}"
EndProject
Project("{FAE04EC0-301F-11D3-BF4B-00C04F79EFBC}") = "FilterIcapTestApp", "FilterIcapTestApp\FilterIcapTestApp.csproj", "{EA679F97-D551-466E-A39B-E8379BF05634}"
EndProject
Global
	GlobalSection(SolutionConfigurationPlatforms) = preSolution
		Debug|Any CPU = Debug|Any CPU
		Release|Any CPU = Release|Any CPU
	EndGlobalSection
	GlobalSection(ProjectConfigurationPlatforms) = postSolution
		{85C59AD8-BB34-460F-A575-FECE4E122C96}.Debug|Any CPU.ActiveCfg = Debug|Any CPU
		{85C59AD8-BB34-460F-A575-FECE4E122C96}.Debug|Any CPU.Build.0 = Debug|Any CPU
		{85C59AD8-BB34-460F-A575-FECE4E122C96}.Release|Any CPU.ActiveCfg = Release|Any CPU
		{85C59AD8-BB34-460F-A575-FECE4E122C96}.Release|Any CPU.Build.0 = Release|Any CPU
		{0C491508-E864-467A-A20F-84C5F59E32B8}.Debug|Any CPU.ActiveCfg = Debug|Any CPU
		{0C491508-E864-467A-A20F-84C5F59E32B8}.Debug|Any CPU.Build.0 = Debug|Any CPU
		{0C491508-E864-467A-A20F-84C5F59E32B8}.Release|Any CPU.ActiveCfg = Release|Any CPU
		{0C491508-E864-467A-A20F-84C5F59E32B8}.Release|Any CPU.Build.0 = Release|Any CPU
		{EA679F97-D551-466E-A39B-E8379BF05634}.Debug|Any CPU.ActiveCfg = Debug|Any CPU
		{EA679F97-D551-466E-A39B-E8379BF05634}.Debug|Any CPU.Build.0 = Debug|Any CPU
		{EA679F97-D551-466E-A39B-E8379BF05634}.Release|Any CPU.ActiveCfg = Release|Any CPU
		{EA679F97-D551-466E-A39B-E8379BF05634}.Release|Any CPU.Build.0 = Release|Any CPU
	EndGlobalSection
EndGlobal
